
Microsoft Visual Studio Solution File, Format Version 12.00
# Visual Studio 15
VisualStudioVersion = 15.0.28307.572
MinimumVisualStudioVersion = 10.0.40219.1
Project("{8BC9CEB8-8B4A-11D0-8D11-00A0C91BC942}") = "std_function_Own_Implementation", "std_function_Own_Implementation\std_function_Own_Implementation.vcxproj", "{507BB9CC-AEAD-44FA-BD2E-C2D715D256E9}"
EndProject
Global
	GlobalSection(SolutionConfigurationPlatforms) = preSolution
		Debug|x64 = Debug|x64
		Debug|x86 = Debug|x86
		Release|x64 = Release|x64
		Release|x86 = Release|x86
	EndGlobalSection
	GlobalSection(ProjectConfigurationPlatforms) = postSolution
		{507BB9CC-AEAD-44FA-BD2E-C2D715D256E9}.Debug|x64.ActiveCfg = Debug|x64
		{507BB9CC-AEAD-44FA-BD2E-C2D715D256E9}.Debug|x64.Build.0 = Debug|x64
		{507BB9CC-AEAD-44FA-BD2E-C2D715D256E9}.Debug|x86.ActiveCfg = Debug|Win32
		{507BB9CC-AEAD-44FA-BD2E-C2D715D256E9}.Debug|x86.Build.0 = Debug|Win32
		{507BB9CC-AEAD-44FA-BD2E-C2D715D256E9}.Release|x64.ActiveCfg = Release|x64
		{507BB9CC-AEAD-44FA-BD2E-C2D715D256E9}.Release|x64.Build.0 = Release|x64
		{507BB9CC-AEAD-44FA-BD2E-C2D715D256E9}.Release|x86.ActiveCfg = Release|Win32
		{507BB9CC-AEAD-44FA-BD2E-C2D715D256E9}.Release|x86.Build.0 = Release|Win32
	EndGlobalSection
	GlobalSection(SolutionProperties) = preSolution
		HideSolutionNode = FALSE
	EndGlobalSection
	GlobalSection(ExtensibilityGlobals) = postSolution
		SolutionGuid = {0FA38C08-4B1B-4579-AFD9-5E0DF72C7E0A}
	EndGlobalSection
EndGlobal
